
Microsoft Visual Studio Solution File, Format Version 12.00
# Visual Studio 14
VisualStudioVersion = 14.0.25420.1
MinimumVisualStudioVersion = 10.0.40219.1
Project("{FAE04EC0-301F-11D3-BF4B-00C04F79EFBC}") = "QuickShare", "QuickShare\QuickShare.csproj", "{BD131DE6-8474-47F4-97CF-4F4C68A2E1C9}"
EndProject
Project("{FAE04EC0-301F-11D3-BF4B-00C04F79EFBC}") = "ServiceTask", "ServiceTask\ServiceTask.csproj", "{C6EA0FEA-5297-4B9A-93A7-D8A266A63049}"
EndProject
Project("{FAE04EC0-301F-11D3-BF4B-00C04F79EFBC}") = "RomeComponent", "RomeComponent\RomeComponent.csproj", "{DBF6EE00-7C48-4E1D-BABA-5BE9B42B186B}"
EndProject
Project("{FAE04EC0-301F-11D3-BF4B-00C04F79EFBC}") = "FileSendReceiveComponent", "FileSendReceiveComponent\FileSendReceiveComponent.csproj", "{95C724D0-9CBC-4468-899D-5A29A6396E8C}"
EndProject
Project("{FAE04EC0-301F-11D3-BF4B-00C04F79EFBC}") = "WebServerComponent", "WebServerComponent\WebServerComponent.csproj", "{B896C07B-E6C7-419F-8AE4-4853E0FB876A}"
EndProject
Project("{FAE04EC0-301F-11D3-BF4B-00C04F79EFBC}") = "Common", "CommonFunctions\Common.csproj", "{0D9A737F-1505-45AE-B35C-D27390F14AE6}"
EndProject
Global
	GlobalSection(SolutionConfigurationPlatforms) = preSolution
		Debug|Any CPU = Debug|Any CPU
		Debug|ARM = Debug|ARM
		Debug|x64 = Debug|x64
		Debug|x86 = Debug|x86
		Release|Any CPU = Release|Any CPU
		Release|ARM = Release|ARM
		Release|x64 = Release|x64
		Release|x86 = Release|x86
	EndGlobalSection
	GlobalSection(ProjectConfigurationPlatforms) = postSolution
		{BD131DE6-8474-47F4-97CF-4F4C68A2E1C9}.Debug|Any CPU.ActiveCfg = Debug|x86
		{BD131DE6-8474-47F4-97CF-4F4C68A2E1C9}.Debug|ARM.ActiveCfg = Debug|ARM
		{BD131DE6-8474-47F4-97CF-4F4C68A2E1C9}.Debug|ARM.Build.0 = Debug|ARM
		{BD131DE6-8474-47F4-97CF-4F4C68A2E1C9}.Debug|ARM.Deploy.0 = Debug|ARM
		{BD131DE6-8474-47F4-97CF-4F4C68A2E1C9}.Debug|x64.ActiveCfg = Debug|x64
		{BD131DE6-8474-47F4-97CF-4F4C68A2E1C9}.Debug|x64.Build.0 = Debug|x64
		{BD131DE6-8474-47F4-97CF-4F4C68A2E1C9}.Debug|x64.Deploy.0 = Debug|x64
		{BD131DE6-8474-47F4-97CF-4F4C68A2E1C9}.Debug|x86.ActiveCfg = Debug|x86
		{BD131DE6-8474-47F4-97CF-4F4C68A2E1C9}.Debug|x86.Build.0 = Debug|x86
		{BD131DE6-8474-47F4-97CF-4F4C68A2E1C9}.Debug|x86.Deploy.0 = Debug|x86
		{BD131DE6-8474-47F4-97CF-4F4C68A2E1C9}.Release|Any CPU.ActiveCfg = Release|x86
		{BD131DE6-8474-47F4-97CF-4F4C68A2E1C9}.Release|ARM.ActiveCfg = Release|ARM
		{BD131DE6-8474-47F4-97CF-4F4C68A2E1C9}.Release|ARM.Build.0 = Release|ARM
		{BD131DE6-8474-47F4-97CF-4F4C68A2E1C9}.Release|ARM.Deploy.0 = Release|ARM
		{BD131DE6-8474-47F4-97CF-4F4C68A2E1C9}.Release|x64.ActiveCfg = Release|x64
		{BD131DE6-8474-47F4-97CF-4F4C68A2E1C9}.Release|x64.Build.0 = Release|x64
		{BD131DE6-8474-47F4-97CF-4F4C68A2E1C9}.Release|x64.Deploy.0 = Release|x64
		{BD131DE6-8474-47F4-97CF-4F4C68A2E1C9}.Release|x86.ActiveCfg = Release|x86
		{BD131DE6-8474-47F4-97CF-4F4C68A2E1C9}.Release|x86.Build.0 = Release|x86
		{BD131DE6-8474-47F4-97CF-4F4C68A2E1C9}.Release|x86.Deploy.0 = Release|x86
		{C6EA0FEA-5297-4B9A-93A7-D8A266A63049}.Debug|Any CPU.ActiveCfg = Debug|Any CPU
		{C6EA0FEA-5297-4B9A-93A7-D8A266A63049}.Debug|Any CPU.Build.0 = Debug|Any CPU
		{C6EA0FEA-5297-4B9A-93A7-D8A266A63049}.Debug|ARM.ActiveCfg = Debug|ARM
		{C6EA0FEA-5297-4B9A-93A7-D8A266A63049}.Debug|ARM.Build.0 = Debug|ARM
		{C6EA0FEA-5297-4B9A-93A7-D8A266A63049}.Debug|x64.ActiveCfg = Debug|x64
		{C6EA0FEA-5297-4B9A-93A7-D8A266A63049}.Debug|x64.Build.0 = Debug|x64
		{C6EA0FEA-5297-4B9A-93A7-D8A266A63049}.Debug|x86.ActiveCfg = Debug|x86
		{C6EA0FEA-5297-4B9A-93A7-D8A266A63049}.Debug|x86.Build.0 = Debug|x86
		{C6EA0FEA-5297-4B9A-93A7-D8A266A63049}.Release|Any CPU.ActiveCfg = Release|Any CPU
		{C6EA0FEA-5297-4B9A-93A7-D8A266A63049}.Release|Any CPU.Build.0 = Release|Any CPU
		{C6EA0FEA-5297-4B9A-93A7-D8A266A63049}.Release|ARM.ActiveCfg = Release|ARM
		{C6EA0FEA-5297-4B9A-93A7-D8A266A63049}.Release|ARM.Build.0 = Release|ARM
		{C6EA0FEA-5297-4B9A-93A7-D8A266A63049}.Release|x64.ActiveCfg = Release|x64
		{C6EA0FEA-5297-4B9A-93A7-D8A266A63049}.Release|x64.Build.0 = Release|x64
		{C6EA0FEA-5297-4B9A-93A7-D8A266A63049}.Release|x86.ActiveCfg = Release|x86
		{C6EA0FEA-5297-4B9A-93A7-D8A266A63049}.Release|x86.Build.0 = Release|x86
		{DBF6EE00-7C48-4E1D-BABA-5BE9B42B186B}.Debug|Any CPU.ActiveCfg = Debug|Any CPU
		{DBF6EE00-7C48-4E1D-BABA-5BE9B42B186B}.Debug|Any CPU.Build.0 = Debug|Any CPU
		{DBF6EE00-7C48-4E1D-BABA-5BE9B42B186B}.Debug|ARM.ActiveCfg = Debug|ARM
		{DBF6EE00-7C48-4E1D-BABA-5BE9B42B186B}.Debug|ARM.Build.0 = Debug|ARM
		{DBF6EE00-7C48-4E1D-BABA-5BE9B42B186B}.Debug|x64.ActiveCfg = Debug|x64
		{DBF6EE00-7C48-4E1D-BABA-5BE9B42B186B}.Debug|x64.Build.0 = Debug|x64
		{DBF6EE00-7C48-4E1D-BABA-5BE9B42B186B}.Debug|x86.ActiveCfg = Debug|x86
		{DBF6EE00-7C48-4E1D-BABA-5BE9B42B186B}.Debug|x86.Build.0 = Debug|x86
		{DBF6EE00-7C48-4E1D-BABA-5BE9B42B186B}.Release|Any CPU.ActiveCfg = Release|Any CPU
		{DBF6EE00-7C48-4E1D-BABA-5BE9B42B186B}.Release|Any CPU.Build.0 = Release|Any CPU
		{DBF6EE00-7C48-4E1D-BABA-5BE9B42B186B}.Release|ARM.ActiveCfg = Release|ARM
		{DBF6EE00-7C48-4E1D-BABA-5BE9B42B186B}.Release|ARM.Build.0 = Release|ARM
		{DBF6EE00-7C48-4E1D-BABA-5BE9B42B186B}.Release|x64.ActiveCfg = Release|x64
		{DBF6EE00-7C48-4E1D-BABA-5BE9B42B186B}.Release|x64.Build.0 = Release|x64
		{DBF6EE00-7C48-4E1D-BABA-5BE9B42B186B}.Release|x86.ActiveCfg = Release|x86
		{DBF6EE00-7C48-4E1D-BABA-5BE9B42B186B}.Release|x86.Build.0 = Release|x86
		{95C724D0-9CBC-4468-899D-5A29A6396E8C}.Debug|Any CPU.ActiveCfg = Debug|Any CPU
		{95C724D0-9CBC-4468-899D-5A29A6396E8C}.Debug|Any CPU.Build.0 = Debug|Any CPU
		{95C724D0-9CBC-4468-899D-5A29A6396E8C}.Debug|ARM.ActiveCfg = Debug|ARM
		{95C724D0-9CBC-4468-899D-5A29A6396E8C}.Debug|ARM.Build.0 = Debug|ARM
		{95C724D0-9CBC-4468-899D-5A29A6396E8C}.Debug|x64.ActiveCfg = Debug|x64
		{95C724D0-9CBC-4468-899D-5A29A6396E8C}.Debug|x64.Build.0 = Debug|x64
		{95C724D0-9CBC-4468-899D-5A29A6396E8C}.Debug|x86.ActiveCfg = Debug|x86
		{95C724D0-9CBC-4468-899D-5A29A6396E8C}.Debug|x86.Build.0 = Debug|x86
		{95C724D0-9CBC-4468-899D-5A29A6396E8C}.Release|Any CPU.ActiveCfg = Release|Any CPU
		{95C724D0-9CBC-4468-899D-5A29A6396E8C}.Release|Any CPU.Build.0 = Release|Any CPU
		{95C724D0-9CBC-4468-899D-5A29A6396E8C}.Release|ARM.ActiveCfg = Release|ARM
		{95C724D0-9CBC-4468-899D-5A29A6396E8C}.Release|ARM.Build.0 = Release|ARM
		{95C724D0-9CBC-4468-899D-5A29A6396E8C}.Release|x64.ActiveCfg = Release|x64
		{95C724D0-9CBC-4468-899D-5A29A6396E8C}.Release|x64.Build.0 = Release|x64
		{95C724D0-9CBC-4468-899D-5A29A6396E8C}.Release|x86.ActiveCfg = Release|x86
		{95C724D0-9CBC-4468-899D-5A29A6396E8C}.Release|x86.Build.0 = Release|x86
		{B896C07B-E6C7-419F-8AE4-4853E0FB876A}.Debug|Any CPU.ActiveCfg = Debug|Any CPU
		{B896C07B-E6C7-419F-8AE4-4853E0FB876A}.Debug|Any CPU.Build.0 = Debug|Any CPU
		{B896C07B-E6C7-419F-8AE4-4853E0FB876A}.Debug|ARM.ActiveCfg = Debug|ARM
		{B896C07B-E6C7-419F-8AE4-4853E0FB876A}.Debug|ARM.Build.0 = Debug|ARM
		{B896C07B-E6C7-419F-8AE4-4853E0FB876A}.Debug|x64.ActiveCfg = Debug|x64
		{B896C07B-E6C7-419F-8AE4-4853E0FB876A}.Debug|x64.Build.0 = Debug|x64
		{B896C07B-E6C7-419F-8AE4-4853E0FB876A}.Debug|x86.ActiveCfg = Debug|x86
		{B896C07B-E6C7-419F-8AE4-4853E0FB876A}.Debug|x86.Build.0 = Debug|x86
		{B896C07B-E6C7-419F-8AE4-4853E0FB876A}.Release|Any CPU.ActiveCfg = Release|Any CPU
		{B896C07B-E6C7-419F-8AE4-4853E0FB876A}.Release|Any CPU.Build.0 = Release|Any CPU
		{B896C07B-E6C7-419F-8AE4-4853E0FB876A}.Release|ARM.ActiveCfg = Release|ARM
		{B896C07B-E6C7-419F-8AE4-4853E0FB876A}.Release|ARM.Build.0 = Release|ARM
		{B896C07B-E6C7-419F-8AE4-4853E0FB876A}.Release|x64.ActiveCfg = Release|x64
		{B896C07B-E6C7-419F-8AE4-4853E0FB876A}.Release|x64.Build.0 = Release|x64
		{B896C07B-E6C7-419F-8AE4-4853E0FB876A}.Release|x86.ActiveCfg = Release|x86
		{B896C07B-E6C7-419F-8AE4-4853E0FB876A}.Release|x86.Build.0 = Release|x86
		{0D9A737F-1505-45AE-B35C-D27390F14AE6}.Debug|Any CPU.ActiveCfg = Debug|Any CPU
		{0D9A737F-1505-45AE-B35C-D27390F14AE6}.Debug|Any CPU.Build.0 = Debug|Any CPU
		{0D9A737F-1505-45AE-B35C-D27390F14AE6}.Debug|ARM.ActiveCfg = Debug|ARM
		{0D9A737F-1505-45AE-B35C-D27390F14AE6}.Debug|ARM.Build.0 = Debug|ARM
		{0D9A737F-1505-45AE-B35C-D27390F14AE6}.Debug|x64.ActiveCfg = Debug|x64
		{0D9A737F-1505-45AE-B35C-D27390F14AE6}.Debug|x64.Build.0 = Debug|x64
		{0D9A737F-1505-45AE-B35C-D27390F14AE6}.Debug|x86.ActiveCfg = Debug|x86
		{0D9A737F-1505-45AE-B35C-D27390F14AE6}.Debug|x86.Build.0 = Debug|x86
		{0D9A737F-1505-45AE-B35C-D27390F14AE6}.Release|Any CPU.ActiveCfg = Release|Any CPU
		{0D9A737F-1505-45AE-B35C-D27390F14AE6}.Release|Any CPU.Build.0 = Release|Any CPU
		{0D9A737F-1505-45AE-B35C-D27390F14AE6}.Release|ARM.ActiveCfg = Release|ARM
		{0D9A737F-1505-45AE-B35C-D27390F14AE6}.Release|ARM.Build.0 = Release|ARM
		{0D9A737F-1505-45AE-B35C-D27390F14AE6}.Release|x64.ActiveCfg = Release|x64
		{0D9A737F-1505-45AE-B35C-D27390F14AE6}.Release|x64.Build.0 = Release|x64
		{0D9A737F-1505-45AE-B35C-D27390F14AE6}.Release|x86.ActiveCfg = Release|x86
		{0D9A737F-1505-45AE-B35C-D27390F14AE6}.Release|x86.Build.0 = Release|x86
	EndGlobalSection
	GlobalSection(SolutionProperties) = preSolution
		HideSolutionNode = FALSE
	EndGlobalSection
EndGlobal
