
Microsoft Visual Studio Solution File, Format Version 12.00
# Visual Studio 15
VisualStudioVersion = 15.0.26430.13
MinimumVisualStudioVersion = 10.0.40219.1
Project("{FAE04EC0-301F-11D3-BF4B-00C04F79EFBC}") = "QuickShare", "QuickShare\QuickShare.csproj", "{BD131DE6-8474-47F4-97CF-4F4C68A2E1C9}"
EndProject
Project("{FAE04EC0-301F-11D3-BF4B-00C04F79EFBC}") = "ServiceTask", "ServiceTask\ServiceTask.csproj", "{C6EA0FEA-5297-4B9A-93A7-D8A266A63049}"
EndProject
Project("{FAE04EC0-301F-11D3-BF4B-00C04F79EFBC}") = "RomeComponent", "RomeComponent\RomeComponent.csproj", "{DBF6EE00-7C48-4E1D-BABA-5BE9B42B186B}"
EndProject
Project("{FAE04EC0-301F-11D3-BF4B-00C04F79EFBC}") = "WebServerComponent", "WebServerComponent\WebServerComponent.csproj", "{B896C07B-E6C7-419F-8AE4-4853E0FB876A}"
EndProject
Project("{FAE04EC0-301F-11D3-BF4B-00C04F79EFBC}") = "Common", "Common\Common.csproj", "{E9E7916C-D4FD-4B08-B904-3BCAE5DE1AF0}"
EndProject
Project("{FAE04EC0-301F-11D3-BF4B-00C04F79EFBC}") = "FileTransfer", "FileTransfer\FileTransfer.csproj", "{D78FDFFF-E82C-4E9C-B78F-54E1D924D49F}"
EndProject
Project("{FAE04EC0-301F-11D3-BF4B-00C04F79EFBC}") = "TextTransfer", "TextTransfer\TextTransfer.csproj", "{7B9A3000-AAA1-4EBC-8AEE-68B24E1C1543}"
EndProject
Project("{9A19103F-16F7-4668-BE54-9A1E7A4F7556}") = "DataStore", "DataStore\DataStore.csproj", "{B368A0AE-3CD8-41E4-932D-64BB1E1E1557}"
EndProject
Project("{2150E333-8FDC-42A3-9474-1A3956D46DE8}") = "Android", "Android", "{91103E35-542F-457A-8248-CFCD92016755}"
EndProject
Project("{2150E333-8FDC-42A3-9474-1A3956D46DE8}") = "UWP", "UWP", "{B76E8F7C-DE09-4249-92FD-42F3DC363EE7}"
EndProject
Project("{2150E333-8FDC-42A3-9474-1A3956D46DE8}") = "Shared", "Shared", "{D4E76C59-D206-48EB-B734-203291B3204C}"
EndProject
Project("{9A19103F-16F7-4668-BE54-9A1E7A4F7556}") = "DevicesListManager", "DevicesListManager\DevicesListManager.csproj", "{3085EF40-87C7-4B3B-929C-50E6A15FC42B}"
EndProject
Project("{FAE04EC0-301F-11D3-BF4B-00C04F79EFBC}") = "Droid.RomeComponent", "Droid.RomeComponent\Droid.RomeComponent.csproj", "{2894CF75-2EA2-4B83-9238-06525EEE443D}"
EndProject
Project("{FAE04EC0-301F-11D3-BF4B-00C04F79EFBC}") = "Droid.WebServerComponent", "Droid.WebServerComponent\Droid.WebServerComponent.csproj", "{A05C876F-9767-48A4-817D-8E19551A6DB6}"
EndProject
Project("{2150E333-8FDC-42A3-9474-1A3956D46DE8}") = "Libraries", "Libraries", "{530966E0-C904-4A33-91E5-81AA914F71C5}"
EndProject
Project("{FAE04EC0-301F-11D3-BF4B-00C04F79EFBC}") = "Binding_Filepicker", "Binding_Filepicker\Binding_Filepicker.csproj", "{D1EF6F83-0FF5-49C9-9B93-D206522A68FB}"
EndProject
Project("{9A19103F-16F7-4668-BE54-9A1E7A4F7556}") = "MicrosoftGraphFunctions", "MicrosoftGraphFunctions\MicrosoftGraphFunctions.csproj", "{A636D1D4-EAF4-434C-A443-C7580F51A97F}"
EndProject
Project("{9A19103F-16F7-4668-BE54-9A1E7A4F7556}") = "Droid.Config", "Droid.Config\Droid.Config.csproj", "{444AD5BF-95FC-46F3-98BC-0268518CA569}"
EndProject
Project("{FAE04EC0-301F-11D3-BF4B-00C04F79EFBC}") = "QuickShare.Droid", "QuickShare.Droid\QuickShare.Droid.csproj", "{CB23DC33-E319-402F-BBF0-3FAB110DDA3D}"
EndProject
Project("{FAE04EC0-301F-11D3-BF4B-00C04F79EFBC}") = "System.Net.Http.HttpListener", "System.Net.Http.HttpListener\System.Net.Http.HttpListener.csproj", "{6F14E10A-6869-44D9-88CD-12E50BD92D9C}"
EndProject
Project("{FAE04EC0-301F-11D3-BF4B-00C04F79EFBC}") = "UWP.Common", "UWP.Common\UWP.Common.csproj", "{CDC46A7B-207E-4C7A-83FF-83B367CC7F9A}"
EndProject
Project("{2150E333-8FDC-42A3-9474-1A3956D46DE8}") = "Desktop", "Desktop", "{5A453827-FB58-4C48-8081-07B72E619278}"
EndProject
Project("{FAE04EC0-301F-11D3-BF4B-00C04F79EFBC}") = "QuickShare.Desktop", "QuickShare.Desktop\QuickShare.Desktop.csproj", "{398614D0-AE25-40E7-8E24-601E5FDF09C8}"
EndProject
Project("{262852C6-CD72-467D-83FE-5EEB1973A190}") = "QuickShare.Desktop.Package", "QuickShare.Desktop.Package\QuickShare.Desktop.Package.jsproj", "{E81844A1-1819-456B-9E24-DFEF9F155BAD}"
EndProject
Global
	GlobalSection(SolutionConfigurationPlatforms) = preSolution
		Debug|Any CPU = Debug|Any CPU
		Debug|ARM = Debug|ARM
		Debug|x64 = Debug|x64
		Debug|x86 = Debug|x86
		Release|Any CPU = Release|Any CPU
		Release|ARM = Release|ARM
		Release|x64 = Release|x64
		Release|x86 = Release|x86
		Release-Squirrel|Any CPU = Release-Squirrel|Any CPU
		Release-Squirrel|ARM = Release-Squirrel|ARM
		Release-Squirrel|x64 = Release-Squirrel|x64
		Release-Squirrel|x86 = Release-Squirrel|x86
	EndGlobalSection
	GlobalSection(ProjectConfigurationPlatforms) = postSolution
		{BD131DE6-8474-47F4-97CF-4F4C68A2E1C9}.Debug|Any CPU.ActiveCfg = Debug|x86
		{BD131DE6-8474-47F4-97CF-4F4C68A2E1C9}.Debug|ARM.ActiveCfg = Debug|ARM
		{BD131DE6-8474-47F4-97CF-4F4C68A2E1C9}.Debug|ARM.Build.0 = Debug|ARM
		{BD131DE6-8474-47F4-97CF-4F4C68A2E1C9}.Debug|ARM.Deploy.0 = Debug|ARM
		{BD131DE6-8474-47F4-97CF-4F4C68A2E1C9}.Debug|x64.ActiveCfg = Debug|x64
		{BD131DE6-8474-47F4-97CF-4F4C68A2E1C9}.Debug|x64.Build.0 = Debug|x64
		{BD131DE6-8474-47F4-97CF-4F4C68A2E1C9}.Debug|x64.Deploy.0 = Debug|x64
		{BD131DE6-8474-47F4-97CF-4F4C68A2E1C9}.Debug|x86.ActiveCfg = Debug|x86
		{BD131DE6-8474-47F4-97CF-4F4C68A2E1C9}.Debug|x86.Build.0 = Debug|x86
		{BD131DE6-8474-47F4-97CF-4F4C68A2E1C9}.Debug|x86.Deploy.0 = Debug|x86
		{BD131DE6-8474-47F4-97CF-4F4C68A2E1C9}.Release|Any CPU.ActiveCfg = Release|x86
		{BD131DE6-8474-47F4-97CF-4F4C68A2E1C9}.Release|ARM.ActiveCfg = Release|ARM
		{BD131DE6-8474-47F4-97CF-4F4C68A2E1C9}.Release|ARM.Build.0 = Release|ARM
		{BD131DE6-8474-47F4-97CF-4F4C68A2E1C9}.Release|ARM.Deploy.0 = Release|ARM
		{BD131DE6-8474-47F4-97CF-4F4C68A2E1C9}.Release|x64.ActiveCfg = Release|x64
		{BD131DE6-8474-47F4-97CF-4F4C68A2E1C9}.Release|x64.Build.0 = Release|x64
		{BD131DE6-8474-47F4-97CF-4F4C68A2E1C9}.Release|x64.Deploy.0 = Release|x64
		{BD131DE6-8474-47F4-97CF-4F4C68A2E1C9}.Release|x86.ActiveCfg = Release|x86
		{BD131DE6-8474-47F4-97CF-4F4C68A2E1C9}.Release|x86.Build.0 = Release|x86
		{BD131DE6-8474-47F4-97CF-4F4C68A2E1C9}.Release|x86.Deploy.0 = Release|x86
		{BD131DE6-8474-47F4-97CF-4F4C68A2E1C9}.Release-Squirrel|Any CPU.ActiveCfg = Release-Squirrel|x86
		{BD131DE6-8474-47F4-97CF-4F4C68A2E1C9}.Release-Squirrel|ARM.ActiveCfg = Release-Squirrel|ARM
		{BD131DE6-8474-47F4-97CF-4F4C68A2E1C9}.Release-Squirrel|ARM.Deploy.0 = Release-Squirrel|ARM
		{BD131DE6-8474-47F4-97CF-4F4C68A2E1C9}.Release-Squirrel|x64.ActiveCfg = Release-Squirrel|x64
		{BD131DE6-8474-47F4-97CF-4F4C68A2E1C9}.Release-Squirrel|x64.Deploy.0 = Release-Squirrel|x64
		{BD131DE6-8474-47F4-97CF-4F4C68A2E1C9}.Release-Squirrel|x86.ActiveCfg = Release-Squirrel|x86
		{BD131DE6-8474-47F4-97CF-4F4C68A2E1C9}.Release-Squirrel|x86.Deploy.0 = Release-Squirrel|x86
		{C6EA0FEA-5297-4B9A-93A7-D8A266A63049}.Debug|Any CPU.ActiveCfg = Debug|Any CPU
		{C6EA0FEA-5297-4B9A-93A7-D8A266A63049}.Debug|Any CPU.Build.0 = Debug|Any CPU
		{C6EA0FEA-5297-4B9A-93A7-D8A266A63049}.Debug|ARM.ActiveCfg = Debug|ARM
		{C6EA0FEA-5297-4B9A-93A7-D8A266A63049}.Debug|ARM.Build.0 = Debug|ARM
		{C6EA0FEA-5297-4B9A-93A7-D8A266A63049}.Debug|x64.ActiveCfg = Debug|x64
		{C6EA0FEA-5297-4B9A-93A7-D8A266A63049}.Debug|x64.Build.0 = Debug|x64
		{C6EA0FEA-5297-4B9A-93A7-D8A266A63049}.Debug|x86.ActiveCfg = Debug|x86
		{C6EA0FEA-5297-4B9A-93A7-D8A266A63049}.Debug|x86.Build.0 = Debug|x86
		{C6EA0FEA-5297-4B9A-93A7-D8A266A63049}.Release|Any CPU.ActiveCfg = Release|Any CPU
		{C6EA0FEA-5297-4B9A-93A7-D8A266A63049}.Release|Any CPU.Build.0 = Release|Any CPU
		{C6EA0FEA-5297-4B9A-93A7-D8A266A63049}.Release|ARM.ActiveCfg = Release|ARM
		{C6EA0FEA-5297-4B9A-93A7-D8A266A63049}.Release|ARM.Build.0 = Release|ARM
		{C6EA0FEA-5297-4B9A-93A7-D8A266A63049}.Release|x64.ActiveCfg = Release|x64
		{C6EA0FEA-5297-4B9A-93A7-D8A266A63049}.Release|x64.Build.0 = Release|x64
		{C6EA0FEA-5297-4B9A-93A7-D8A266A63049}.Release|x86.ActiveCfg = Release|x86
		{C6EA0FEA-5297-4B9A-93A7-D8A266A63049}.Release|x86.Build.0 = Release|x86
		{C6EA0FEA-5297-4B9A-93A7-D8A266A63049}.Release-Squirrel|Any CPU.ActiveCfg = Release-Squirrel|Any CPU
		{C6EA0FEA-5297-4B9A-93A7-D8A266A63049}.Release-Squirrel|Any CPU.Build.0 = Release-Squirrel|Any CPU
		{C6EA0FEA-5297-4B9A-93A7-D8A266A63049}.Release-Squirrel|ARM.ActiveCfg = Release-Squirrel|ARM
		{C6EA0FEA-5297-4B9A-93A7-D8A266A63049}.Release-Squirrel|ARM.Build.0 = Release-Squirrel|ARM
		{C6EA0FEA-5297-4B9A-93A7-D8A266A63049}.Release-Squirrel|x64.ActiveCfg = Release-Squirrel|x64
		{C6EA0FEA-5297-4B9A-93A7-D8A266A63049}.Release-Squirrel|x64.Build.0 = Release-Squirrel|x64
		{C6EA0FEA-5297-4B9A-93A7-D8A266A63049}.Release-Squirrel|x86.ActiveCfg = Release-Squirrel|x86
		{C6EA0FEA-5297-4B9A-93A7-D8A266A63049}.Release-Squirrel|x86.Build.0 = Release-Squirrel|x86
		{DBF6EE00-7C48-4E1D-BABA-5BE9B42B186B}.Debug|Any CPU.ActiveCfg = Debug|Any CPU
		{DBF6EE00-7C48-4E1D-BABA-5BE9B42B186B}.Debug|Any CPU.Build.0 = Debug|Any CPU
		{DBF6EE00-7C48-4E1D-BABA-5BE9B42B186B}.Debug|ARM.ActiveCfg = Debug|ARM
		{DBF6EE00-7C48-4E1D-BABA-5BE9B42B186B}.Debug|ARM.Build.0 = Debug|ARM
		{DBF6EE00-7C48-4E1D-BABA-5BE9B42B186B}.Debug|x64.ActiveCfg = Debug|x64
		{DBF6EE00-7C48-4E1D-BABA-5BE9B42B186B}.Debug|x64.Build.0 = Debug|x64
		{DBF6EE00-7C48-4E1D-BABA-5BE9B42B186B}.Debug|x86.ActiveCfg = Debug|x86
		{DBF6EE00-7C48-4E1D-BABA-5BE9B42B186B}.Debug|x86.Build.0 = Debug|x86
		{DBF6EE00-7C48-4E1D-BABA-5BE9B42B186B}.Release|Any CPU.ActiveCfg = Release|Any CPU
		{DBF6EE00-7C48-4E1D-BABA-5BE9B42B186B}.Release|Any CPU.Build.0 = Release|Any CPU
		{DBF6EE00-7C48-4E1D-BABA-5BE9B42B186B}.Release|ARM.ActiveCfg = Release|ARM
		{DBF6EE00-7C48-4E1D-BABA-5BE9B42B186B}.Release|ARM.Build.0 = Release|ARM
		{DBF6EE00-7C48-4E1D-BABA-5BE9B42B186B}.Release|x64.ActiveCfg = Release|x64
		{DBF6EE00-7C48-4E1D-BABA-5BE9B42B186B}.Release|x64.Build.0 = Release|x64
		{DBF6EE00-7C48-4E1D-BABA-5BE9B42B186B}.Release|x86.ActiveCfg = Release|x86
		{DBF6EE00-7C48-4E1D-BABA-5BE9B42B186B}.Release|x86.Build.0 = Release|x86
		{DBF6EE00-7C48-4E1D-BABA-5BE9B42B186B}.Release-Squirrel|Any CPU.ActiveCfg = Release-Squirrel|Any CPU
		{DBF6EE00-7C48-4E1D-BABA-5BE9B42B186B}.Release-Squirrel|Any CPU.Build.0 = Release-Squirrel|Any CPU
		{DBF6EE00-7C48-4E1D-BABA-5BE9B42B186B}.Release-Squirrel|ARM.ActiveCfg = Release-Squirrel|ARM
		{DBF6EE00-7C48-4E1D-BABA-5BE9B42B186B}.Release-Squirrel|ARM.Build.0 = Release-Squirrel|ARM
		{DBF6EE00-7C48-4E1D-BABA-5BE9B42B186B}.Release-Squirrel|x64.ActiveCfg = Release-Squirrel|x64
		{DBF6EE00-7C48-4E1D-BABA-5BE9B42B186B}.Release-Squirrel|x64.Build.0 = Release-Squirrel|x64
		{DBF6EE00-7C48-4E1D-BABA-5BE9B42B186B}.Release-Squirrel|x86.ActiveCfg = Release-Squirrel|x86
		{DBF6EE00-7C48-4E1D-BABA-5BE9B42B186B}.Release-Squirrel|x86.Build.0 = Release-Squirrel|x86
		{B896C07B-E6C7-419F-8AE4-4853E0FB876A}.Debug|Any CPU.ActiveCfg = Debug|Any CPU
		{B896C07B-E6C7-419F-8AE4-4853E0FB876A}.Debug|Any CPU.Build.0 = Debug|Any CPU
		{B896C07B-E6C7-419F-8AE4-4853E0FB876A}.Debug|ARM.ActiveCfg = Debug|ARM
		{B896C07B-E6C7-419F-8AE4-4853E0FB876A}.Debug|ARM.Build.0 = Debug|ARM
		{B896C07B-E6C7-419F-8AE4-4853E0FB876A}.Debug|x64.ActiveCfg = Debug|x64
		{B896C07B-E6C7-419F-8AE4-4853E0FB876A}.Debug|x64.Build.0 = Debug|x64
		{B896C07B-E6C7-419F-8AE4-4853E0FB876A}.Debug|x86.ActiveCfg = Debug|x86
		{B896C07B-E6C7-419F-8AE4-4853E0FB876A}.Debug|x86.Build.0 = Debug|x86
		{B896C07B-E6C7-419F-8AE4-4853E0FB876A}.Release|Any CPU.ActiveCfg = Release|Any CPU
		{B896C07B-E6C7-419F-8AE4-4853E0FB876A}.Release|Any CPU.Build.0 = Release|Any CPU
		{B896C07B-E6C7-419F-8AE4-4853E0FB876A}.Release|ARM.ActiveCfg = Release|ARM
		{B896C07B-E6C7-419F-8AE4-4853E0FB876A}.Release|ARM.Build.0 = Release|ARM
		{B896C07B-E6C7-419F-8AE4-4853E0FB876A}.Release|x64.ActiveCfg = Release|x64
		{B896C07B-E6C7-419F-8AE4-4853E0FB876A}.Release|x64.Build.0 = Release|x64
		{B896C07B-E6C7-419F-8AE4-4853E0FB876A}.Release|x86.ActiveCfg = Release|x86
		{B896C07B-E6C7-419F-8AE4-4853E0FB876A}.Release|x86.Build.0 = Release|x86
		{B896C07B-E6C7-419F-8AE4-4853E0FB876A}.Release-Squirrel|Any CPU.ActiveCfg = Release-Squirrel|Any CPU
		{B896C07B-E6C7-419F-8AE4-4853E0FB876A}.Release-Squirrel|Any CPU.Build.0 = Release-Squirrel|Any CPU
		{B896C07B-E6C7-419F-8AE4-4853E0FB876A}.Release-Squirrel|ARM.ActiveCfg = Release-Squirrel|ARM
		{B896C07B-E6C7-419F-8AE4-4853E0FB876A}.Release-Squirrel|ARM.Build.0 = Release-Squirrel|ARM
		{B896C07B-E6C7-419F-8AE4-4853E0FB876A}.Release-Squirrel|x64.ActiveCfg = Release-Squirrel|x64
		{B896C07B-E6C7-419F-8AE4-4853E0FB876A}.Release-Squirrel|x64.Build.0 = Release-Squirrel|x64
		{B896C07B-E6C7-419F-8AE4-4853E0FB876A}.Release-Squirrel|x86.ActiveCfg = Release-Squirrel|x86
		{B896C07B-E6C7-419F-8AE4-4853E0FB876A}.Release-Squirrel|x86.Build.0 = Release-Squirrel|x86
		{E9E7916C-D4FD-4B08-B904-3BCAE5DE1AF0}.Debug|Any CPU.ActiveCfg = Debug|Any CPU
		{E9E7916C-D4FD-4B08-B904-3BCAE5DE1AF0}.Debug|Any CPU.Build.0 = Debug|Any CPU
		{E9E7916C-D4FD-4B08-B904-3BCAE5DE1AF0}.Debug|ARM.ActiveCfg = Debug|Any CPU
		{E9E7916C-D4FD-4B08-B904-3BCAE5DE1AF0}.Debug|ARM.Build.0 = Debug|Any CPU
		{E9E7916C-D4FD-4B08-B904-3BCAE5DE1AF0}.Debug|x64.ActiveCfg = Debug|Any CPU
		{E9E7916C-D4FD-4B08-B904-3BCAE5DE1AF0}.Debug|x64.Build.0 = Debug|Any CPU
		{E9E7916C-D4FD-4B08-B904-3BCAE5DE1AF0}.Debug|x86.ActiveCfg = Debug|Any CPU
		{E9E7916C-D4FD-4B08-B904-3BCAE5DE1AF0}.Debug|x86.Build.0 = Debug|Any CPU
		{E9E7916C-D4FD-4B08-B904-3BCAE5DE1AF0}.Release|Any CPU.ActiveCfg = Release|Any CPU
		{E9E7916C-D4FD-4B08-B904-3BCAE5DE1AF0}.Release|Any CPU.Build.0 = Release|Any CPU
		{E9E7916C-D4FD-4B08-B904-3BCAE5DE1AF0}.Release|ARM.ActiveCfg = Release|Any CPU
		{E9E7916C-D4FD-4B08-B904-3BCAE5DE1AF0}.Release|ARM.Build.0 = Release|Any CPU
		{E9E7916C-D4FD-4B08-B904-3BCAE5DE1AF0}.Release|x64.ActiveCfg = Release|Any CPU
		{E9E7916C-D4FD-4B08-B904-3BCAE5DE1AF0}.Release|x64.Build.0 = Release|Any CPU
		{E9E7916C-D4FD-4B08-B904-3BCAE5DE1AF0}.Release|x86.ActiveCfg = Release|Any CPU
		{E9E7916C-D4FD-4B08-B904-3BCAE5DE1AF0}.Release|x86.Build.0 = Release|Any CPU
		{E9E7916C-D4FD-4B08-B904-3BCAE5DE1AF0}.Release-Squirrel|Any CPU.ActiveCfg = Release-Squirrel|Any CPU
		{E9E7916C-D4FD-4B08-B904-3BCAE5DE1AF0}.Release-Squirrel|Any CPU.Build.0 = Release-Squirrel|Any CPU
		{E9E7916C-D4FD-4B08-B904-3BCAE5DE1AF0}.Release-Squirrel|ARM.ActiveCfg = Release-Squirrel|Any CPU
		{E9E7916C-D4FD-4B08-B904-3BCAE5DE1AF0}.Release-Squirrel|ARM.Build.0 = Release-Squirrel|Any CPU
		{E9E7916C-D4FD-4B08-B904-3BCAE5DE1AF0}.Release-Squirrel|x64.ActiveCfg = Release-Squirrel|Any CPU
		{E9E7916C-D4FD-4B08-B904-3BCAE5DE1AF0}.Release-Squirrel|x64.Build.0 = Release-Squirrel|Any CPU
		{E9E7916C-D4FD-4B08-B904-3BCAE5DE1AF0}.Release-Squirrel|x86.ActiveCfg = Release-Squirrel|Any CPU
		{E9E7916C-D4FD-4B08-B904-3BCAE5DE1AF0}.Release-Squirrel|x86.Build.0 = Release-Squirrel|Any CPU
		{D78FDFFF-E82C-4E9C-B78F-54E1D924D49F}.Debug|Any CPU.ActiveCfg = Debug|Any CPU
		{D78FDFFF-E82C-4E9C-B78F-54E1D924D49F}.Debug|Any CPU.Build.0 = Debug|Any CPU
		{D78FDFFF-E82C-4E9C-B78F-54E1D924D49F}.Debug|ARM.ActiveCfg = Debug|Any CPU
		{D78FDFFF-E82C-4E9C-B78F-54E1D924D49F}.Debug|ARM.Build.0 = Debug|Any CPU
		{D78FDFFF-E82C-4E9C-B78F-54E1D924D49F}.Debug|x64.ActiveCfg = Debug|Any CPU
		{D78FDFFF-E82C-4E9C-B78F-54E1D924D49F}.Debug|x64.Build.0 = Debug|Any CPU
		{D78FDFFF-E82C-4E9C-B78F-54E1D924D49F}.Debug|x86.ActiveCfg = Debug|Any CPU
		{D78FDFFF-E82C-4E9C-B78F-54E1D924D49F}.Debug|x86.Build.0 = Debug|Any CPU
		{D78FDFFF-E82C-4E9C-B78F-54E1D924D49F}.Release|Any CPU.ActiveCfg = Release|Any CPU
		{D78FDFFF-E82C-4E9C-B78F-54E1D924D49F}.Release|Any CPU.Build.0 = Release|Any CPU
		{D78FDFFF-E82C-4E9C-B78F-54E1D924D49F}.Release|ARM.ActiveCfg = Release|Any CPU
		{D78FDFFF-E82C-4E9C-B78F-54E1D924D49F}.Release|ARM.Build.0 = Release|Any CPU
		{D78FDFFF-E82C-4E9C-B78F-54E1D924D49F}.Release|x64.ActiveCfg = Release|Any CPU
		{D78FDFFF-E82C-4E9C-B78F-54E1D924D49F}.Release|x64.Build.0 = Release|Any CPU
		{D78FDFFF-E82C-4E9C-B78F-54E1D924D49F}.Release|x86.ActiveCfg = Release|Any CPU
		{D78FDFFF-E82C-4E9C-B78F-54E1D924D49F}.Release|x86.Build.0 = Release|Any CPU
		{D78FDFFF-E82C-4E9C-B78F-54E1D924D49F}.Release-Squirrel|Any CPU.ActiveCfg = Release-Squirrel|Any CPU
		{D78FDFFF-E82C-4E9C-B78F-54E1D924D49F}.Release-Squirrel|Any CPU.Build.0 = Release-Squirrel|Any CPU
		{D78FDFFF-E82C-4E9C-B78F-54E1D924D49F}.Release-Squirrel|ARM.ActiveCfg = Release-Squirrel|Any CPU
		{D78FDFFF-E82C-4E9C-B78F-54E1D924D49F}.Release-Squirrel|ARM.Build.0 = Release-Squirrel|Any CPU
		{D78FDFFF-E82C-4E9C-B78F-54E1D924D49F}.Release-Squirrel|x64.ActiveCfg = Release-Squirrel|Any CPU
		{D78FDFFF-E82C-4E9C-B78F-54E1D924D49F}.Release-Squirrel|x64.Build.0 = Release-Squirrel|Any CPU
		{D78FDFFF-E82C-4E9C-B78F-54E1D924D49F}.Release-Squirrel|x86.ActiveCfg = Release-Squirrel|Any CPU
		{D78FDFFF-E82C-4E9C-B78F-54E1D924D49F}.Release-Squirrel|x86.Build.0 = Release-Squirrel|Any CPU
		{7B9A3000-AAA1-4EBC-8AEE-68B24E1C1543}.Debug|Any CPU.ActiveCfg = Debug|Any CPU
		{7B9A3000-AAA1-4EBC-8AEE-68B24E1C1543}.Debug|Any CPU.Build.0 = Debug|Any CPU
		{7B9A3000-AAA1-4EBC-8AEE-68B24E1C1543}.Debug|ARM.ActiveCfg = Debug|Any CPU
		{7B9A3000-AAA1-4EBC-8AEE-68B24E1C1543}.Debug|ARM.Build.0 = Debug|Any CPU
		{7B9A3000-AAA1-4EBC-8AEE-68B24E1C1543}.Debug|x64.ActiveCfg = Debug|Any CPU
		{7B9A3000-AAA1-4EBC-8AEE-68B24E1C1543}.Debug|x64.Build.0 = Debug|Any CPU
		{7B9A3000-AAA1-4EBC-8AEE-68B24E1C1543}.Debug|x86.ActiveCfg = Debug|Any CPU
		{7B9A3000-AAA1-4EBC-8AEE-68B24E1C1543}.Debug|x86.Build.0 = Debug|Any CPU
		{7B9A3000-AAA1-4EBC-8AEE-68B24E1C1543}.Release|Any CPU.ActiveCfg = Release|Any CPU
		{7B9A3000-AAA1-4EBC-8AEE-68B24E1C1543}.Release|Any CPU.Build.0 = Release|Any CPU
		{7B9A3000-AAA1-4EBC-8AEE-68B24E1C1543}.Release|ARM.ActiveCfg = Release|Any CPU
		{7B9A3000-AAA1-4EBC-8AEE-68B24E1C1543}.Release|ARM.Build.0 = Release|Any CPU
		{7B9A3000-AAA1-4EBC-8AEE-68B24E1C1543}.Release|x64.ActiveCfg = Release|Any CPU
		{7B9A3000-AAA1-4EBC-8AEE-68B24E1C1543}.Release|x64.Build.0 = Release|Any CPU
		{7B9A3000-AAA1-4EBC-8AEE-68B24E1C1543}.Release|x86.ActiveCfg = Release|Any CPU
		{7B9A3000-AAA1-4EBC-8AEE-68B24E1C1543}.Release|x86.Build.0 = Release|Any CPU
		{7B9A3000-AAA1-4EBC-8AEE-68B24E1C1543}.Release-Squirrel|Any CPU.ActiveCfg = Release-Squirrel|Any CPU
		{7B9A3000-AAA1-4EBC-8AEE-68B24E1C1543}.Release-Squirrel|Any CPU.Build.0 = Release-Squirrel|Any CPU
		{7B9A3000-AAA1-4EBC-8AEE-68B24E1C1543}.Release-Squirrel|ARM.ActiveCfg = Release-Squirrel|Any CPU
		{7B9A3000-AAA1-4EBC-8AEE-68B24E1C1543}.Release-Squirrel|ARM.Build.0 = Release-Squirrel|Any CPU
		{7B9A3000-AAA1-4EBC-8AEE-68B24E1C1543}.Release-Squirrel|x64.ActiveCfg = Release-Squirrel|Any CPU
		{7B9A3000-AAA1-4EBC-8AEE-68B24E1C1543}.Release-Squirrel|x64.Build.0 = Release-Squirrel|Any CPU
		{7B9A3000-AAA1-4EBC-8AEE-68B24E1C1543}.Release-Squirrel|x86.ActiveCfg = Release-Squirrel|Any CPU
		{7B9A3000-AAA1-4EBC-8AEE-68B24E1C1543}.Release-Squirrel|x86.Build.0 = Release-Squirrel|Any CPU
		{B368A0AE-3CD8-41E4-932D-64BB1E1E1557}.Debug|Any CPU.ActiveCfg = Debug|Any CPU
		{B368A0AE-3CD8-41E4-932D-64BB1E1E1557}.Debug|Any CPU.Build.0 = Debug|Any CPU
		{B368A0AE-3CD8-41E4-932D-64BB1E1E1557}.Debug|ARM.ActiveCfg = Debug|Any CPU
		{B368A0AE-3CD8-41E4-932D-64BB1E1E1557}.Debug|ARM.Build.0 = Debug|Any CPU
		{B368A0AE-3CD8-41E4-932D-64BB1E1E1557}.Debug|x64.ActiveCfg = Debug|Any CPU
		{B368A0AE-3CD8-41E4-932D-64BB1E1E1557}.Debug|x64.Build.0 = Debug|Any CPU
		{B368A0AE-3CD8-41E4-932D-64BB1E1E1557}.Debug|x86.ActiveCfg = Debug|Any CPU
		{B368A0AE-3CD8-41E4-932D-64BB1E1E1557}.Debug|x86.Build.0 = Debug|Any CPU
		{B368A0AE-3CD8-41E4-932D-64BB1E1E1557}.Release|Any CPU.ActiveCfg = Release|Any CPU
		{B368A0AE-3CD8-41E4-932D-64BB1E1E1557}.Release|Any CPU.Build.0 = Release|Any CPU
		{B368A0AE-3CD8-41E4-932D-64BB1E1E1557}.Release|ARM.ActiveCfg = Release|Any CPU
		{B368A0AE-3CD8-41E4-932D-64BB1E1E1557}.Release|ARM.Build.0 = Release|Any CPU
		{B368A0AE-3CD8-41E4-932D-64BB1E1E1557}.Release|x64.ActiveCfg = Release|Any CPU
		{B368A0AE-3CD8-41E4-932D-64BB1E1E1557}.Release|x64.Build.0 = Release|Any CPU
		{B368A0AE-3CD8-41E4-932D-64BB1E1E1557}.Release|x86.ActiveCfg = Release|Any CPU
		{B368A0AE-3CD8-41E4-932D-64BB1E1E1557}.Release|x86.Build.0 = Release|Any CPU
		{B368A0AE-3CD8-41E4-932D-64BB1E1E1557}.Release-Squirrel|Any CPU.ActiveCfg = Release-Squirrel|Any CPU
		{B368A0AE-3CD8-41E4-932D-64BB1E1E1557}.Release-Squirrel|Any CPU.Build.0 = Release-Squirrel|Any CPU
		{B368A0AE-3CD8-41E4-932D-64BB1E1E1557}.Release-Squirrel|ARM.ActiveCfg = Release-Squirrel|Any CPU
		{B368A0AE-3CD8-41E4-932D-64BB1E1E1557}.Release-Squirrel|ARM.Build.0 = Release-Squirrel|Any CPU
		{B368A0AE-3CD8-41E4-932D-64BB1E1E1557}.Release-Squirrel|x64.ActiveCfg = Release-Squirrel|Any CPU
		{B368A0AE-3CD8-41E4-932D-64BB1E1E1557}.Release-Squirrel|x64.Build.0 = Release-Squirrel|Any CPU
		{B368A0AE-3CD8-41E4-932D-64BB1E1E1557}.Release-Squirrel|x86.ActiveCfg = Release-Squirrel|Any CPU
		{B368A0AE-3CD8-41E4-932D-64BB1E1E1557}.Release-Squirrel|x86.Build.0 = Release-Squirrel|Any CPU
		{3085EF40-87C7-4B3B-929C-50E6A15FC42B}.Debug|Any CPU.ActiveCfg = Debug|Any CPU
		{3085EF40-87C7-4B3B-929C-50E6A15FC42B}.Debug|Any CPU.Build.0 = Debug|Any CPU
		{3085EF40-87C7-4B3B-929C-50E6A15FC42B}.Debug|ARM.ActiveCfg = Debug|Any CPU
		{3085EF40-87C7-4B3B-929C-50E6A15FC42B}.Debug|ARM.Build.0 = Debug|Any CPU
		{3085EF40-87C7-4B3B-929C-50E6A15FC42B}.Debug|x64.ActiveCfg = Debug|Any CPU
		{3085EF40-87C7-4B3B-929C-50E6A15FC42B}.Debug|x64.Build.0 = Debug|Any CPU
		{3085EF40-87C7-4B3B-929C-50E6A15FC42B}.Debug|x86.ActiveCfg = Debug|Any CPU
		{3085EF40-87C7-4B3B-929C-50E6A15FC42B}.Debug|x86.Build.0 = Debug|Any CPU
		{3085EF40-87C7-4B3B-929C-50E6A15FC42B}.Release|Any CPU.ActiveCfg = Release|Any CPU
		{3085EF40-87C7-4B3B-929C-50E6A15FC42B}.Release|Any CPU.Build.0 = Release|Any CPU
		{3085EF40-87C7-4B3B-929C-50E6A15FC42B}.Release|ARM.ActiveCfg = Release|Any CPU
		{3085EF40-87C7-4B3B-929C-50E6A15FC42B}.Release|ARM.Build.0 = Release|Any CPU
		{3085EF40-87C7-4B3B-929C-50E6A15FC42B}.Release|x64.ActiveCfg = Release|Any CPU
		{3085EF40-87C7-4B3B-929C-50E6A15FC42B}.Release|x64.Build.0 = Release|Any CPU
		{3085EF40-87C7-4B3B-929C-50E6A15FC42B}.Release|x86.ActiveCfg = Release|Any CPU
		{3085EF40-87C7-4B3B-929C-50E6A15FC42B}.Release|x86.Build.0 = Release|Any CPU
		{3085EF40-87C7-4B3B-929C-50E6A15FC42B}.Release-Squirrel|Any CPU.ActiveCfg = Release-Squirrel|Any CPU
		{3085EF40-87C7-4B3B-929C-50E6A15FC42B}.Release-Squirrel|Any CPU.Build.0 = Release-Squirrel|Any CPU
		{3085EF40-87C7-4B3B-929C-50E6A15FC42B}.Release-Squirrel|ARM.ActiveCfg = Release-Squirrel|Any CPU
		{3085EF40-87C7-4B3B-929C-50E6A15FC42B}.Release-Squirrel|ARM.Build.0 = Release-Squirrel|Any CPU
		{3085EF40-87C7-4B3B-929C-50E6A15FC42B}.Release-Squirrel|x64.ActiveCfg = Release-Squirrel|Any CPU
		{3085EF40-87C7-4B3B-929C-50E6A15FC42B}.Release-Squirrel|x64.Build.0 = Release-Squirrel|Any CPU
		{3085EF40-87C7-4B3B-929C-50E6A15FC42B}.Release-Squirrel|x86.ActiveCfg = Release-Squirrel|Any CPU
		{3085EF40-87C7-4B3B-929C-50E6A15FC42B}.Release-Squirrel|x86.Build.0 = Release-Squirrel|Any CPU
		{2894CF75-2EA2-4B83-9238-06525EEE443D}.Debug|Any CPU.ActiveCfg = Debug|Any CPU
		{2894CF75-2EA2-4B83-9238-06525EEE443D}.Debug|Any CPU.Build.0 = Debug|Any CPU
		{2894CF75-2EA2-4B83-9238-06525EEE443D}.Debug|ARM.ActiveCfg = Debug|Any CPU
		{2894CF75-2EA2-4B83-9238-06525EEE443D}.Debug|ARM.Build.0 = Debug|Any CPU
		{2894CF75-2EA2-4B83-9238-06525EEE443D}.Debug|x64.ActiveCfg = Debug|Any CPU
		{2894CF75-2EA2-4B83-9238-06525EEE443D}.Debug|x64.Build.0 = Debug|Any CPU
		{2894CF75-2EA2-4B83-9238-06525EEE443D}.Debug|x86.ActiveCfg = Debug|Any CPU
		{2894CF75-2EA2-4B83-9238-06525EEE443D}.Debug|x86.Build.0 = Debug|Any CPU
		{2894CF75-2EA2-4B83-9238-06525EEE443D}.Release|Any CPU.ActiveCfg = Release|Any CPU
		{2894CF75-2EA2-4B83-9238-06525EEE443D}.Release|Any CPU.Build.0 = Release|Any CPU
		{2894CF75-2EA2-4B83-9238-06525EEE443D}.Release|ARM.ActiveCfg = Release|Any CPU
		{2894CF75-2EA2-4B83-9238-06525EEE443D}.Release|ARM.Build.0 = Release|Any CPU
		{2894CF75-2EA2-4B83-9238-06525EEE443D}.Release|x64.ActiveCfg = Release|Any CPU
		{2894CF75-2EA2-4B83-9238-06525EEE443D}.Release|x64.Build.0 = Release|Any CPU
		{2894CF75-2EA2-4B83-9238-06525EEE443D}.Release|x86.ActiveCfg = Release|Any CPU
		{2894CF75-2EA2-4B83-9238-06525EEE443D}.Release|x86.Build.0 = Release|Any CPU
		{2894CF75-2EA2-4B83-9238-06525EEE443D}.Release-Squirrel|Any CPU.ActiveCfg = Release-Squirrel|Any CPU
		{2894CF75-2EA2-4B83-9238-06525EEE443D}.Release-Squirrel|Any CPU.Build.0 = Release-Squirrel|Any CPU
		{2894CF75-2EA2-4B83-9238-06525EEE443D}.Release-Squirrel|ARM.ActiveCfg = Release-Squirrel|Any CPU
		{2894CF75-2EA2-4B83-9238-06525EEE443D}.Release-Squirrel|ARM.Build.0 = Release-Squirrel|Any CPU
		{2894CF75-2EA2-4B83-9238-06525EEE443D}.Release-Squirrel|x64.ActiveCfg = Release-Squirrel|Any CPU
		{2894CF75-2EA2-4B83-9238-06525EEE443D}.Release-Squirrel|x64.Build.0 = Release-Squirrel|Any CPU
		{2894CF75-2EA2-4B83-9238-06525EEE443D}.Release-Squirrel|x86.ActiveCfg = Release-Squirrel|Any CPU
		{2894CF75-2EA2-4B83-9238-06525EEE443D}.Release-Squirrel|x86.Build.0 = Release-Squirrel|Any CPU
		{A05C876F-9767-48A4-817D-8E19551A6DB6}.Debug|Any CPU.ActiveCfg = Debug|Any CPU
		{A05C876F-9767-48A4-817D-8E19551A6DB6}.Debug|Any CPU.Build.0 = Debug|Any CPU
		{A05C876F-9767-48A4-817D-8E19551A6DB6}.Debug|ARM.ActiveCfg = Debug|Any CPU
		{A05C876F-9767-48A4-817D-8E19551A6DB6}.Debug|ARM.Build.0 = Debug|Any CPU
		{A05C876F-9767-48A4-817D-8E19551A6DB6}.Debug|x64.ActiveCfg = Debug|Any CPU
		{A05C876F-9767-48A4-817D-8E19551A6DB6}.Debug|x64.Build.0 = Debug|Any CPU
		{A05C876F-9767-48A4-817D-8E19551A6DB6}.Debug|x86.ActiveCfg = Debug|Any CPU
		{A05C876F-9767-48A4-817D-8E19551A6DB6}.Debug|x86.Build.0 = Debug|Any CPU
		{A05C876F-9767-48A4-817D-8E19551A6DB6}.Release|Any CPU.ActiveCfg = Release|Any CPU
		{A05C876F-9767-48A4-817D-8E19551A6DB6}.Release|Any CPU.Build.0 = Release|Any CPU
		{A05C876F-9767-48A4-817D-8E19551A6DB6}.Release|ARM.ActiveCfg = Release|Any CPU
		{A05C876F-9767-48A4-817D-8E19551A6DB6}.Release|ARM.Build.0 = Release|Any CPU
		{A05C876F-9767-48A4-817D-8E19551A6DB6}.Release|x64.ActiveCfg = Release|Any CPU
		{A05C876F-9767-48A4-817D-8E19551A6DB6}.Release|x64.Build.0 = Release|Any CPU
		{A05C876F-9767-48A4-817D-8E19551A6DB6}.Release|x86.ActiveCfg = Release|Any CPU
		{A05C876F-9767-48A4-817D-8E19551A6DB6}.Release|x86.Build.0 = Release|Any CPU
		{A05C876F-9767-48A4-817D-8E19551A6DB6}.Release-Squirrel|Any CPU.ActiveCfg = Release-Squirrel|Any CPU
		{A05C876F-9767-48A4-817D-8E19551A6DB6}.Release-Squirrel|Any CPU.Build.0 = Release-Squirrel|Any CPU
		{A05C876F-9767-48A4-817D-8E19551A6DB6}.Release-Squirrel|ARM.ActiveCfg = Release-Squirrel|Any CPU
		{A05C876F-9767-48A4-817D-8E19551A6DB6}.Release-Squirrel|ARM.Build.0 = Release-Squirrel|Any CPU
		{A05C876F-9767-48A4-817D-8E19551A6DB6}.Release-Squirrel|x64.ActiveCfg = Release-Squirrel|Any CPU
		{A05C876F-9767-48A4-817D-8E19551A6DB6}.Release-Squirrel|x64.Build.0 = Release-Squirrel|Any CPU
		{A05C876F-9767-48A4-817D-8E19551A6DB6}.Release-Squirrel|x86.ActiveCfg = Release-Squirrel|Any CPU
		{A05C876F-9767-48A4-817D-8E19551A6DB6}.Release-Squirrel|x86.Build.0 = Release-Squirrel|Any CPU
		{D1EF6F83-0FF5-49C9-9B93-D206522A68FB}.Debug|Any CPU.ActiveCfg = Debug|Any CPU
		{D1EF6F83-0FF5-49C9-9B93-D206522A68FB}.Debug|Any CPU.Build.0 = Debug|Any CPU
		{D1EF6F83-0FF5-49C9-9B93-D206522A68FB}.Debug|ARM.ActiveCfg = Debug|Any CPU
		{D1EF6F83-0FF5-49C9-9B93-D206522A68FB}.Debug|ARM.Build.0 = Debug|Any CPU
		{D1EF6F83-0FF5-49C9-9B93-D206522A68FB}.Debug|x64.ActiveCfg = Debug|Any CPU
		{D1EF6F83-0FF5-49C9-9B93-D206522A68FB}.Debug|x64.Build.0 = Debug|Any CPU
		{D1EF6F83-0FF5-49C9-9B93-D206522A68FB}.Debug|x86.ActiveCfg = Debug|Any CPU
		{D1EF6F83-0FF5-49C9-9B93-D206522A68FB}.Debug|x86.Build.0 = Debug|Any CPU
		{D1EF6F83-0FF5-49C9-9B93-D206522A68FB}.Release|Any CPU.ActiveCfg = Release|Any CPU
		{D1EF6F83-0FF5-49C9-9B93-D206522A68FB}.Release|Any CPU.Build.0 = Release|Any CPU
		{D1EF6F83-0FF5-49C9-9B93-D206522A68FB}.Release|ARM.ActiveCfg = Release|Any CPU
		{D1EF6F83-0FF5-49C9-9B93-D206522A68FB}.Release|ARM.Build.0 = Release|Any CPU
		{D1EF6F83-0FF5-49C9-9B93-D206522A68FB}.Release|x64.ActiveCfg = Release|Any CPU
		{D1EF6F83-0FF5-49C9-9B93-D206522A68FB}.Release|x64.Build.0 = Release|Any CPU
		{D1EF6F83-0FF5-49C9-9B93-D206522A68FB}.Release|x86.ActiveCfg = Release|Any CPU
		{D1EF6F83-0FF5-49C9-9B93-D206522A68FB}.Release|x86.Build.0 = Release|Any CPU
		{D1EF6F83-0FF5-49C9-9B93-D206522A68FB}.Release-Squirrel|Any CPU.ActiveCfg = Release-Squirrel|Any CPU
		{D1EF6F83-0FF5-49C9-9B93-D206522A68FB}.Release-Squirrel|Any CPU.Build.0 = Release-Squirrel|Any CPU
		{D1EF6F83-0FF5-49C9-9B93-D206522A68FB}.Release-Squirrel|ARM.ActiveCfg = Release-Squirrel|Any CPU
		{D1EF6F83-0FF5-49C9-9B93-D206522A68FB}.Release-Squirrel|ARM.Build.0 = Release-Squirrel|Any CPU
		{D1EF6F83-0FF5-49C9-9B93-D206522A68FB}.Release-Squirrel|x64.ActiveCfg = Release-Squirrel|Any CPU
		{D1EF6F83-0FF5-49C9-9B93-D206522A68FB}.Release-Squirrel|x64.Build.0 = Release-Squirrel|Any CPU
		{D1EF6F83-0FF5-49C9-9B93-D206522A68FB}.Release-Squirrel|x86.ActiveCfg = Release-Squirrel|Any CPU
		{D1EF6F83-0FF5-49C9-9B93-D206522A68FB}.Release-Squirrel|x86.Build.0 = Release-Squirrel|Any CPU
		{A636D1D4-EAF4-434C-A443-C7580F51A97F}.Debug|Any CPU.ActiveCfg = Debug|Any CPU
		{A636D1D4-EAF4-434C-A443-C7580F51A97F}.Debug|Any CPU.Build.0 = Debug|Any CPU
		{A636D1D4-EAF4-434C-A443-C7580F51A97F}.Debug|ARM.ActiveCfg = Debug|Any CPU
		{A636D1D4-EAF4-434C-A443-C7580F51A97F}.Debug|ARM.Build.0 = Debug|Any CPU
		{A636D1D4-EAF4-434C-A443-C7580F51A97F}.Debug|x64.ActiveCfg = Debug|Any CPU
		{A636D1D4-EAF4-434C-A443-C7580F51A97F}.Debug|x64.Build.0 = Debug|Any CPU
		{A636D1D4-EAF4-434C-A443-C7580F51A97F}.Debug|x86.ActiveCfg = Debug|Any CPU
		{A636D1D4-EAF4-434C-A443-C7580F51A97F}.Debug|x86.Build.0 = Debug|Any CPU
		{A636D1D4-EAF4-434C-A443-C7580F51A97F}.Release|Any CPU.ActiveCfg = Release|Any CPU
		{A636D1D4-EAF4-434C-A443-C7580F51A97F}.Release|Any CPU.Build.0 = Release|Any CPU
		{A636D1D4-EAF4-434C-A443-C7580F51A97F}.Release|ARM.ActiveCfg = Release|Any CPU
		{A636D1D4-EAF4-434C-A443-C7580F51A97F}.Release|ARM.Build.0 = Release|Any CPU
		{A636D1D4-EAF4-434C-A443-C7580F51A97F}.Release|x64.ActiveCfg = Release|Any CPU
		{A636D1D4-EAF4-434C-A443-C7580F51A97F}.Release|x64.Build.0 = Release|Any CPU
		{A636D1D4-EAF4-434C-A443-C7580F51A97F}.Release|x86.ActiveCfg = Release|Any CPU
		{A636D1D4-EAF4-434C-A443-C7580F51A97F}.Release|x86.Build.0 = Release|Any CPU
		{A636D1D4-EAF4-434C-A443-C7580F51A97F}.Release-Squirrel|Any CPU.ActiveCfg = Release-Squirrel|Any CPU
		{A636D1D4-EAF4-434C-A443-C7580F51A97F}.Release-Squirrel|Any CPU.Build.0 = Release-Squirrel|Any CPU
		{A636D1D4-EAF4-434C-A443-C7580F51A97F}.Release-Squirrel|ARM.ActiveCfg = Release-Squirrel|Any CPU
		{A636D1D4-EAF4-434C-A443-C7580F51A97F}.Release-Squirrel|ARM.Build.0 = Release-Squirrel|Any CPU
		{A636D1D4-EAF4-434C-A443-C7580F51A97F}.Release-Squirrel|x64.ActiveCfg = Release-Squirrel|Any CPU
		{A636D1D4-EAF4-434C-A443-C7580F51A97F}.Release-Squirrel|x64.Build.0 = Release-Squirrel|Any CPU
		{A636D1D4-EAF4-434C-A443-C7580F51A97F}.Release-Squirrel|x86.ActiveCfg = Release-Squirrel|Any CPU
		{A636D1D4-EAF4-434C-A443-C7580F51A97F}.Release-Squirrel|x86.Build.0 = Release-Squirrel|Any CPU
		{444AD5BF-95FC-46F3-98BC-0268518CA569}.Debug|Any CPU.ActiveCfg = Debug|Any CPU
		{444AD5BF-95FC-46F3-98BC-0268518CA569}.Debug|Any CPU.Build.0 = Debug|Any CPU
		{444AD5BF-95FC-46F3-98BC-0268518CA569}.Debug|ARM.ActiveCfg = Debug|Any CPU
		{444AD5BF-95FC-46F3-98BC-0268518CA569}.Debug|ARM.Build.0 = Debug|Any CPU
		{444AD5BF-95FC-46F3-98BC-0268518CA569}.Debug|x64.ActiveCfg = Debug|Any CPU
		{444AD5BF-95FC-46F3-98BC-0268518CA569}.Debug|x64.Build.0 = Debug|Any CPU
		{444AD5BF-95FC-46F3-98BC-0268518CA569}.Debug|x86.ActiveCfg = Debug|Any CPU
		{444AD5BF-95FC-46F3-98BC-0268518CA569}.Debug|x86.Build.0 = Debug|Any CPU
		{444AD5BF-95FC-46F3-98BC-0268518CA569}.Release|Any CPU.ActiveCfg = Release|Any CPU
		{444AD5BF-95FC-46F3-98BC-0268518CA569}.Release|Any CPU.Build.0 = Release|Any CPU
		{444AD5BF-95FC-46F3-98BC-0268518CA569}.Release|ARM.ActiveCfg = Release|Any CPU
		{444AD5BF-95FC-46F3-98BC-0268518CA569}.Release|ARM.Build.0 = Release|Any CPU
		{444AD5BF-95FC-46F3-98BC-0268518CA569}.Release|x64.ActiveCfg = Release|Any CPU
		{444AD5BF-95FC-46F3-98BC-0268518CA569}.Release|x64.Build.0 = Release|Any CPU
		{444AD5BF-95FC-46F3-98BC-0268518CA569}.Release|x86.ActiveCfg = Release|Any CPU
		{444AD5BF-95FC-46F3-98BC-0268518CA569}.Release|x86.Build.0 = Release|Any CPU
		{444AD5BF-95FC-46F3-98BC-0268518CA569}.Release-Squirrel|Any CPU.ActiveCfg = Release-Squirrel|Any CPU
		{444AD5BF-95FC-46F3-98BC-0268518CA569}.Release-Squirrel|Any CPU.Build.0 = Release-Squirrel|Any CPU
		{444AD5BF-95FC-46F3-98BC-0268518CA569}.Release-Squirrel|ARM.ActiveCfg = Release-Squirrel|Any CPU
		{444AD5BF-95FC-46F3-98BC-0268518CA569}.Release-Squirrel|ARM.Build.0 = Release-Squirrel|Any CPU
		{444AD5BF-95FC-46F3-98BC-0268518CA569}.Release-Squirrel|x64.ActiveCfg = Release-Squirrel|Any CPU
		{444AD5BF-95FC-46F3-98BC-0268518CA569}.Release-Squirrel|x64.Build.0 = Release-Squirrel|Any CPU
		{444AD5BF-95FC-46F3-98BC-0268518CA569}.Release-Squirrel|x86.ActiveCfg = Release-Squirrel|Any CPU
		{444AD5BF-95FC-46F3-98BC-0268518CA569}.Release-Squirrel|x86.Build.0 = Release-Squirrel|Any CPU
		{CB23DC33-E319-402F-BBF0-3FAB110DDA3D}.Debug|Any CPU.ActiveCfg = Debug|Any CPU
		{CB23DC33-E319-402F-BBF0-3FAB110DDA3D}.Debug|Any CPU.Build.0 = Debug|Any CPU
		{CB23DC33-E319-402F-BBF0-3FAB110DDA3D}.Debug|Any CPU.Deploy.0 = Debug|Any CPU
		{CB23DC33-E319-402F-BBF0-3FAB110DDA3D}.Debug|ARM.ActiveCfg = Debug|Any CPU
		{CB23DC33-E319-402F-BBF0-3FAB110DDA3D}.Debug|ARM.Build.0 = Debug|Any CPU
		{CB23DC33-E319-402F-BBF0-3FAB110DDA3D}.Debug|ARM.Deploy.0 = Debug|Any CPU
		{CB23DC33-E319-402F-BBF0-3FAB110DDA3D}.Debug|x64.ActiveCfg = Debug|Any CPU
		{CB23DC33-E319-402F-BBF0-3FAB110DDA3D}.Debug|x64.Build.0 = Debug|Any CPU
		{CB23DC33-E319-402F-BBF0-3FAB110DDA3D}.Debug|x64.Deploy.0 = Debug|Any CPU
		{CB23DC33-E319-402F-BBF0-3FAB110DDA3D}.Debug|x86.ActiveCfg = Debug|Any CPU
		{CB23DC33-E319-402F-BBF0-3FAB110DDA3D}.Debug|x86.Build.0 = Debug|Any CPU
		{CB23DC33-E319-402F-BBF0-3FAB110DDA3D}.Debug|x86.Deploy.0 = Debug|Any CPU
		{CB23DC33-E319-402F-BBF0-3FAB110DDA3D}.Release|Any CPU.ActiveCfg = Release|Any CPU
		{CB23DC33-E319-402F-BBF0-3FAB110DDA3D}.Release|Any CPU.Build.0 = Release|Any CPU
		{CB23DC33-E319-402F-BBF0-3FAB110DDA3D}.Release|Any CPU.Deploy.0 = Release|Any CPU
		{CB23DC33-E319-402F-BBF0-3FAB110DDA3D}.Release|ARM.ActiveCfg = Release|Any CPU
		{CB23DC33-E319-402F-BBF0-3FAB110DDA3D}.Release|ARM.Build.0 = Release|Any CPU
		{CB23DC33-E319-402F-BBF0-3FAB110DDA3D}.Release|ARM.Deploy.0 = Release|Any CPU
		{CB23DC33-E319-402F-BBF0-3FAB110DDA3D}.Release|x64.ActiveCfg = Release|Any CPU
		{CB23DC33-E319-402F-BBF0-3FAB110DDA3D}.Release|x64.Build.0 = Release|Any CPU
		{CB23DC33-E319-402F-BBF0-3FAB110DDA3D}.Release|x64.Deploy.0 = Release|Any CPU
		{CB23DC33-E319-402F-BBF0-3FAB110DDA3D}.Release|x86.ActiveCfg = Release|Any CPU
		{CB23DC33-E319-402F-BBF0-3FAB110DDA3D}.Release|x86.Build.0 = Release|Any CPU
		{CB23DC33-E319-402F-BBF0-3FAB110DDA3D}.Release|x86.Deploy.0 = Release|Any CPU
		{CB23DC33-E319-402F-BBF0-3FAB110DDA3D}.Release-Squirrel|Any CPU.ActiveCfg = Release-Squirrel|Any CPU
		{CB23DC33-E319-402F-BBF0-3FAB110DDA3D}.Release-Squirrel|Any CPU.Build.0 = Release-Squirrel|Any CPU
		{CB23DC33-E319-402F-BBF0-3FAB110DDA3D}.Release-Squirrel|Any CPU.Deploy.0 = Release-Squirrel|Any CPU
		{CB23DC33-E319-402F-BBF0-3FAB110DDA3D}.Release-Squirrel|ARM.ActiveCfg = Release-Squirrel|Any CPU
		{CB23DC33-E319-402F-BBF0-3FAB110DDA3D}.Release-Squirrel|ARM.Build.0 = Release-Squirrel|Any CPU
		{CB23DC33-E319-402F-BBF0-3FAB110DDA3D}.Release-Squirrel|ARM.Deploy.0 = Release-Squirrel|Any CPU
		{CB23DC33-E319-402F-BBF0-3FAB110DDA3D}.Release-Squirrel|x64.ActiveCfg = Release-Squirrel|Any CPU
		{CB23DC33-E319-402F-BBF0-3FAB110DDA3D}.Release-Squirrel|x64.Build.0 = Release-Squirrel|Any CPU
		{CB23DC33-E319-402F-BBF0-3FAB110DDA3D}.Release-Squirrel|x64.Deploy.0 = Release-Squirrel|Any CPU
		{CB23DC33-E319-402F-BBF0-3FAB110DDA3D}.Release-Squirrel|x86.ActiveCfg = Release-Squirrel|Any CPU
		{CB23DC33-E319-402F-BBF0-3FAB110DDA3D}.Release-Squirrel|x86.Build.0 = Release-Squirrel|Any CPU
		{CB23DC33-E319-402F-BBF0-3FAB110DDA3D}.Release-Squirrel|x86.Deploy.0 = Release-Squirrel|Any CPU
		{6F14E10A-6869-44D9-88CD-12E50BD92D9C}.Debug|Any CPU.ActiveCfg = Debug|Any CPU
		{6F14E10A-6869-44D9-88CD-12E50BD92D9C}.Debug|Any CPU.Build.0 = Debug|Any CPU
		{6F14E10A-6869-44D9-88CD-12E50BD92D9C}.Debug|ARM.ActiveCfg = Debug|ARM
		{6F14E10A-6869-44D9-88CD-12E50BD92D9C}.Debug|ARM.Build.0 = Debug|ARM
		{6F14E10A-6869-44D9-88CD-12E50BD92D9C}.Debug|x64.ActiveCfg = Debug|x64
		{6F14E10A-6869-44D9-88CD-12E50BD92D9C}.Debug|x64.Build.0 = Debug|x64
		{6F14E10A-6869-44D9-88CD-12E50BD92D9C}.Debug|x86.ActiveCfg = Debug|x86
		{6F14E10A-6869-44D9-88CD-12E50BD92D9C}.Debug|x86.Build.0 = Debug|x86
		{6F14E10A-6869-44D9-88CD-12E50BD92D9C}.Release|Any CPU.ActiveCfg = Release|Any CPU
		{6F14E10A-6869-44D9-88CD-12E50BD92D9C}.Release|Any CPU.Build.0 = Release|Any CPU
		{6F14E10A-6869-44D9-88CD-12E50BD92D9C}.Release|ARM.ActiveCfg = Release|ARM
		{6F14E10A-6869-44D9-88CD-12E50BD92D9C}.Release|ARM.Build.0 = Release|ARM
		{6F14E10A-6869-44D9-88CD-12E50BD92D9C}.Release|x64.ActiveCfg = Release|x64
		{6F14E10A-6869-44D9-88CD-12E50BD92D9C}.Release|x64.Build.0 = Release|x64
		{6F14E10A-6869-44D9-88CD-12E50BD92D9C}.Release|x86.ActiveCfg = Release|x86
		{6F14E10A-6869-44D9-88CD-12E50BD92D9C}.Release|x86.Build.0 = Release|x86
		{6F14E10A-6869-44D9-88CD-12E50BD92D9C}.Release-Squirrel|Any CPU.ActiveCfg = Release-Squirrel|Any CPU
		{6F14E10A-6869-44D9-88CD-12E50BD92D9C}.Release-Squirrel|Any CPU.Build.0 = Release-Squirrel|Any CPU
		{6F14E10A-6869-44D9-88CD-12E50BD92D9C}.Release-Squirrel|ARM.ActiveCfg = Release-Squirrel|ARM
		{6F14E10A-6869-44D9-88CD-12E50BD92D9C}.Release-Squirrel|ARM.Build.0 = Release-Squirrel|ARM
		{6F14E10A-6869-44D9-88CD-12E50BD92D9C}.Release-Squirrel|x64.ActiveCfg = Release-Squirrel|x64
		{6F14E10A-6869-44D9-88CD-12E50BD92D9C}.Release-Squirrel|x64.Build.0 = Release-Squirrel|x64
		{6F14E10A-6869-44D9-88CD-12E50BD92D9C}.Release-Squirrel|x86.ActiveCfg = Release-Squirrel|x86
		{6F14E10A-6869-44D9-88CD-12E50BD92D9C}.Release-Squirrel|x86.Build.0 = Release-Squirrel|x86
		{CDC46A7B-207E-4C7A-83FF-83B367CC7F9A}.Debug|Any CPU.ActiveCfg = Debug|Any CPU
		{CDC46A7B-207E-4C7A-83FF-83B367CC7F9A}.Debug|Any CPU.Build.0 = Debug|Any CPU
		{CDC46A7B-207E-4C7A-83FF-83B367CC7F9A}.Debug|ARM.ActiveCfg = Debug|ARM
		{CDC46A7B-207E-4C7A-83FF-83B367CC7F9A}.Debug|ARM.Build.0 = Debug|ARM
		{CDC46A7B-207E-4C7A-83FF-83B367CC7F9A}.Debug|x64.ActiveCfg = Debug|x64
		{CDC46A7B-207E-4C7A-83FF-83B367CC7F9A}.Debug|x64.Build.0 = Debug|x64
		{CDC46A7B-207E-4C7A-83FF-83B367CC7F9A}.Debug|x86.ActiveCfg = Debug|x86
		{CDC46A7B-207E-4C7A-83FF-83B367CC7F9A}.Debug|x86.Build.0 = Debug|x86
		{CDC46A7B-207E-4C7A-83FF-83B367CC7F9A}.Release|Any CPU.ActiveCfg = Release|Any CPU
		{CDC46A7B-207E-4C7A-83FF-83B367CC7F9A}.Release|Any CPU.Build.0 = Release|Any CPU
		{CDC46A7B-207E-4C7A-83FF-83B367CC7F9A}.Release|ARM.ActiveCfg = Release|ARM
		{CDC46A7B-207E-4C7A-83FF-83B367CC7F9A}.Release|ARM.Build.0 = Release|ARM
		{CDC46A7B-207E-4C7A-83FF-83B367CC7F9A}.Release|x64.ActiveCfg = Release|x64
		{CDC46A7B-207E-4C7A-83FF-83B367CC7F9A}.Release|x64.Build.0 = Release|x64
		{CDC46A7B-207E-4C7A-83FF-83B367CC7F9A}.Release|x86.ActiveCfg = Release|x86
		{CDC46A7B-207E-4C7A-83FF-83B367CC7F9A}.Release|x86.Build.0 = Release|x86
		{CDC46A7B-207E-4C7A-83FF-83B367CC7F9A}.Release-Squirrel|Any CPU.ActiveCfg = Release-Squirrel|Any CPU
		{CDC46A7B-207E-4C7A-83FF-83B367CC7F9A}.Release-Squirrel|Any CPU.Build.0 = Release-Squirrel|Any CPU
		{CDC46A7B-207E-4C7A-83FF-83B367CC7F9A}.Release-Squirrel|ARM.ActiveCfg = Release-Squirrel|ARM
		{CDC46A7B-207E-4C7A-83FF-83B367CC7F9A}.Release-Squirrel|ARM.Build.0 = Release-Squirrel|ARM
		{CDC46A7B-207E-4C7A-83FF-83B367CC7F9A}.Release-Squirrel|x64.ActiveCfg = Release-Squirrel|x64
		{CDC46A7B-207E-4C7A-83FF-83B367CC7F9A}.Release-Squirrel|x64.Build.0 = Release-Squirrel|x64
		{CDC46A7B-207E-4C7A-83FF-83B367CC7F9A}.Release-Squirrel|x86.ActiveCfg = Release-Squirrel|x86
		{CDC46A7B-207E-4C7A-83FF-83B367CC7F9A}.Release-Squirrel|x86.Build.0 = Release-Squirrel|x86
		{398614D0-AE25-40E7-8E24-601E5FDF09C8}.Debug|Any CPU.ActiveCfg = Debug|Any CPU
		{398614D0-AE25-40E7-8E24-601E5FDF09C8}.Debug|Any CPU.Build.0 = Debug|Any CPU
		{398614D0-AE25-40E7-8E24-601E5FDF09C8}.Debug|ARM.ActiveCfg = Debug|Any CPU
		{398614D0-AE25-40E7-8E24-601E5FDF09C8}.Debug|ARM.Build.0 = Debug|Any CPU
		{398614D0-AE25-40E7-8E24-601E5FDF09C8}.Debug|x64.ActiveCfg = Debug|Any CPU
		{398614D0-AE25-40E7-8E24-601E5FDF09C8}.Debug|x64.Build.0 = Debug|Any CPU
		{398614D0-AE25-40E7-8E24-601E5FDF09C8}.Debug|x86.ActiveCfg = Debug|Any CPU
		{398614D0-AE25-40E7-8E24-601E5FDF09C8}.Debug|x86.Build.0 = Debug|Any CPU
		{398614D0-AE25-40E7-8E24-601E5FDF09C8}.Release|Any CPU.ActiveCfg = Release|Any CPU
		{398614D0-AE25-40E7-8E24-601E5FDF09C8}.Release|Any CPU.Build.0 = Release|Any CPU
		{398614D0-AE25-40E7-8E24-601E5FDF09C8}.Release|ARM.ActiveCfg = Release|Any CPU
		{398614D0-AE25-40E7-8E24-601E5FDF09C8}.Release|ARM.Build.0 = Release|Any CPU
		{398614D0-AE25-40E7-8E24-601E5FDF09C8}.Release|x64.ActiveCfg = Release|Any CPU
		{398614D0-AE25-40E7-8E24-601E5FDF09C8}.Release|x64.Build.0 = Release|Any CPU
		{398614D0-AE25-40E7-8E24-601E5FDF09C8}.Release|x86.ActiveCfg = Release|Any CPU
		{398614D0-AE25-40E7-8E24-601E5FDF09C8}.Release|x86.Build.0 = Release|Any CPU
		{398614D0-AE25-40E7-8E24-601E5FDF09C8}.Release-Squirrel|Any CPU.ActiveCfg = Release-Squirrel|Any CPU
		{398614D0-AE25-40E7-8E24-601E5FDF09C8}.Release-Squirrel|Any CPU.Build.0 = Release-Squirrel|Any CPU
		{398614D0-AE25-40E7-8E24-601E5FDF09C8}.Release-Squirrel|ARM.ActiveCfg = Release-Squirrel|Any CPU
		{398614D0-AE25-40E7-8E24-601E5FDF09C8}.Release-Squirrel|ARM.Build.0 = Release-Squirrel|Any CPU
		{398614D0-AE25-40E7-8E24-601E5FDF09C8}.Release-Squirrel|x64.ActiveCfg = Release-Squirrel|Any CPU
		{398614D0-AE25-40E7-8E24-601E5FDF09C8}.Release-Squirrel|x64.Build.0 = Release-Squirrel|Any CPU
		{398614D0-AE25-40E7-8E24-601E5FDF09C8}.Release-Squirrel|x86.ActiveCfg = Release-Squirrel|Any CPU
		{398614D0-AE25-40E7-8E24-601E5FDF09C8}.Release-Squirrel|x86.Build.0 = Release-Squirrel|Any CPU
		{E81844A1-1819-456B-9E24-DFEF9F155BAD}.Debug|Any CPU.ActiveCfg = Debug|Any CPU
		{E81844A1-1819-456B-9E24-DFEF9F155BAD}.Debug|Any CPU.Build.0 = Debug|Any CPU
		{E81844A1-1819-456B-9E24-DFEF9F155BAD}.Debug|Any CPU.Deploy.0 = Debug|Any CPU
		{E81844A1-1819-456B-9E24-DFEF9F155BAD}.Debug|ARM.ActiveCfg = Debug|ARM
		{E81844A1-1819-456B-9E24-DFEF9F155BAD}.Debug|ARM.Build.0 = Debug|ARM
		{E81844A1-1819-456B-9E24-DFEF9F155BAD}.Debug|ARM.Deploy.0 = Debug|ARM
		{E81844A1-1819-456B-9E24-DFEF9F155BAD}.Debug|x64.ActiveCfg = Debug|x64
		{E81844A1-1819-456B-9E24-DFEF9F155BAD}.Debug|x64.Build.0 = Debug|x64
		{E81844A1-1819-456B-9E24-DFEF9F155BAD}.Debug|x64.Deploy.0 = Debug|x64
		{E81844A1-1819-456B-9E24-DFEF9F155BAD}.Debug|x86.ActiveCfg = Debug|x86
		{E81844A1-1819-456B-9E24-DFEF9F155BAD}.Debug|x86.Build.0 = Debug|x86
		{E81844A1-1819-456B-9E24-DFEF9F155BAD}.Debug|x86.Deploy.0 = Debug|x86
		{E81844A1-1819-456B-9E24-DFEF9F155BAD}.Release|Any CPU.ActiveCfg = Release|Any CPU
		{E81844A1-1819-456B-9E24-DFEF9F155BAD}.Release|Any CPU.Build.0 = Release|Any CPU
		{E81844A1-1819-456B-9E24-DFEF9F155BAD}.Release|Any CPU.Deploy.0 = Release|Any CPU
		{E81844A1-1819-456B-9E24-DFEF9F155BAD}.Release|ARM.ActiveCfg = Release|ARM
		{E81844A1-1819-456B-9E24-DFEF9F155BAD}.Release|ARM.Build.0 = Release|ARM
		{E81844A1-1819-456B-9E24-DFEF9F155BAD}.Release|ARM.Deploy.0 = Release|ARM
		{E81844A1-1819-456B-9E24-DFEF9F155BAD}.Release|x64.ActiveCfg = Release|x64
		{E81844A1-1819-456B-9E24-DFEF9F155BAD}.Release|x64.Build.0 = Release|x64
		{E81844A1-1819-456B-9E24-DFEF9F155BAD}.Release|x64.Deploy.0 = Release|x64
		{E81844A1-1819-456B-9E24-DFEF9F155BAD}.Release|x86.ActiveCfg = Release|x86
		{E81844A1-1819-456B-9E24-DFEF9F155BAD}.Release|x86.Build.0 = Release|x86
		{E81844A1-1819-456B-9E24-DFEF9F155BAD}.Release|x86.Deploy.0 = Release|x86
		{E81844A1-1819-456B-9E24-DFEF9F155BAD}.Release-Squirrel|Any CPU.ActiveCfg = Release|Any CPU
		{E81844A1-1819-456B-9E24-DFEF9F155BAD}.Release-Squirrel|Any CPU.Build.0 = Release|Any CPU
		{E81844A1-1819-456B-9E24-DFEF9F155BAD}.Release-Squirrel|Any CPU.Deploy.0 = Release|Any CPU
		{E81844A1-1819-456B-9E24-DFEF9F155BAD}.Release-Squirrel|ARM.ActiveCfg = Release|ARM
		{E81844A1-1819-456B-9E24-DFEF9F155BAD}.Release-Squirrel|ARM.Build.0 = Release|ARM
		{E81844A1-1819-456B-9E24-DFEF9F155BAD}.Release-Squirrel|ARM.Deploy.0 = Release|ARM
		{E81844A1-1819-456B-9E24-DFEF9F155BAD}.Release-Squirrel|x64.ActiveCfg = Release|x64
		{E81844A1-1819-456B-9E24-DFEF9F155BAD}.Release-Squirrel|x64.Build.0 = Release|x64
		{E81844A1-1819-456B-9E24-DFEF9F155BAD}.Release-Squirrel|x64.Deploy.0 = Release|x64
		{E81844A1-1819-456B-9E24-DFEF9F155BAD}.Release-Squirrel|x86.ActiveCfg = Release|x86
		{E81844A1-1819-456B-9E24-DFEF9F155BAD}.Release-Squirrel|x86.Build.0 = Release|x86
		{E81844A1-1819-456B-9E24-DFEF9F155BAD}.Release-Squirrel|x86.Deploy.0 = Release|x86
	EndGlobalSection
	GlobalSection(SolutionProperties) = preSolution
		HideSolutionNode = FALSE
	EndGlobalSection
	GlobalSection(NestedProjects) = preSolution
		{BD131DE6-8474-47F4-97CF-4F4C68A2E1C9} = {B76E8F7C-DE09-4249-92FD-42F3DC363EE7}
		{C6EA0FEA-5297-4B9A-93A7-D8A266A63049} = {B76E8F7C-DE09-4249-92FD-42F3DC363EE7}
		{DBF6EE00-7C48-4E1D-BABA-5BE9B42B186B} = {B76E8F7C-DE09-4249-92FD-42F3DC363EE7}
		{B896C07B-E6C7-419F-8AE4-4853E0FB876A} = {B76E8F7C-DE09-4249-92FD-42F3DC363EE7}
		{E9E7916C-D4FD-4B08-B904-3BCAE5DE1AF0} = {D4E76C59-D206-48EB-B734-203291B3204C}
		{D78FDFFF-E82C-4E9C-B78F-54E1D924D49F} = {D4E76C59-D206-48EB-B734-203291B3204C}
		{7B9A3000-AAA1-4EBC-8AEE-68B24E1C1543} = {D4E76C59-D206-48EB-B734-203291B3204C}
		{B368A0AE-3CD8-41E4-932D-64BB1E1E1557} = {D4E76C59-D206-48EB-B734-203291B3204C}
		{3085EF40-87C7-4B3B-929C-50E6A15FC42B} = {D4E76C59-D206-48EB-B734-203291B3204C}
		{2894CF75-2EA2-4B83-9238-06525EEE443D} = {91103E35-542F-457A-8248-CFCD92016755}
		{A05C876F-9767-48A4-817D-8E19551A6DB6} = {91103E35-542F-457A-8248-CFCD92016755}
		{530966E0-C904-4A33-91E5-81AA914F71C5} = {91103E35-542F-457A-8248-CFCD92016755}
		{D1EF6F83-0FF5-49C9-9B93-D206522A68FB} = {530966E0-C904-4A33-91E5-81AA914F71C5}
		{A636D1D4-EAF4-434C-A443-C7580F51A97F} = {D4E76C59-D206-48EB-B734-203291B3204C}
		{444AD5BF-95FC-46F3-98BC-0268518CA569} = {91103E35-542F-457A-8248-CFCD92016755}
		{CB23DC33-E319-402F-BBF0-3FAB110DDA3D} = {91103E35-542F-457A-8248-CFCD92016755}
		{6F14E10A-6869-44D9-88CD-12E50BD92D9C} = {B76E8F7C-DE09-4249-92FD-42F3DC363EE7}
		{CDC46A7B-207E-4C7A-83FF-83B367CC7F9A} = {B76E8F7C-DE09-4249-92FD-42F3DC363EE7}
		{398614D0-AE25-40E7-8E24-601E5FDF09C8} = {5A453827-FB58-4C48-8081-07B72E619278}
		{E81844A1-1819-456B-9E24-DFEF9F155BAD} = {5A453827-FB58-4C48-8081-07B72E619278}
	EndGlobalSection
EndGlobal
